// !$*UTF8*$!
{
	archiveVersion = 1;
	classes = {
	};
	objectVersion = 50;
	objects = {

/* Begin PBXBuildFile section */
		6601F3715083948DEA5565CA /* Pods_htn_2018.framework in Frameworks */ = {isa = PBXBuildFile; fileRef = 4F0DD0C874F9F0E66F09E247 /* Pods_htn_2018.framework */; };
		D832718D214D5DF40030E983 /* Colors.swift in Sources */ = {isa = PBXBuildFile; fileRef = D832718C214D5DF40030E983 /* Colors.swift */; };
		D832718F214D60440030E983 /* HTNTextField.swift in Sources */ = {isa = PBXBuildFile; fileRef = D832718E214D60440030E983 /* HTNTextField.swift */; };
		D893003B214CCCAC0070E38D /* BaseApiService.swift in Sources */ = {isa = PBXBuildFile; fileRef = D893003A214CCCAC0070E38D /* BaseApiService.swift */; };
		D893003D214D50B20070E38D /* LoginFormView.swift in Sources */ = {isa = PBXBuildFile; fileRef = D893003C214D50B20070E38D /* LoginFormView.swift */; };
		D8930040214D519A0070E38D /* Dimens.swift in Sources */ = {isa = PBXBuildFile; fileRef = D893003F214D519A0070E38D /* Dimens.swift */; };
		D8930042214D51E70070E38D /* UIView+Extensions.swift in Sources */ = {isa = PBXBuildFile; fileRef = D8930041214D51E70070E38D /* UIView+Extensions.swift */; };
		D8930044214D597E0070E38D /* UserSignupService.swift in Sources */ = {isa = PBXBuildFile; fileRef = D8930043214D597D0070E38D /* UserSignupService.swift */; };
		D8930046214D59870070E38D /* UserSigninService.swift in Sources */ = {isa = PBXBuildFile; fileRef = D8930045214D59870070E38D /* UserSigninService.swift */; };
		D8FE0DE5214CBDF400C4DDE3 /* AppDelegate.swift in Sources */ = {isa = PBXBuildFile; fileRef = D8FE0DE4214CBDF400C4DDE3 /* AppDelegate.swift */; };
		D8FE0DE7214CBDF400C4DDE3 /* LoginViewController.swift in Sources */ = {isa = PBXBuildFile; fileRef = D8FE0DE6214CBDF400C4DDE3 /* LoginViewController.swift */; };
		D8FE0DEC214CBDF500C4DDE3 /* Assets.xcassets in Resources */ = {isa = PBXBuildFile; fileRef = D8FE0DEB214CBDF500C4DDE3 /* Assets.xcassets */; };
		D8FE0DEF214CBDF500C4DDE3 /* LaunchScreen.storyboard in Resources */ = {isa = PBXBuildFile; fileRef = D8FE0DED214CBDF500C4DDE3 /* LaunchScreen.storyboard */; };
		D8FE0DFD214CC5CB00C4DDE3 /* LoginViewController.xib in Resources */ = {isa = PBXBuildFile; fileRef = D8FE0DFC214CC5CB00C4DDE3 /* LoginViewController.xib */; };
		D8FE0DFF214CC6A300C4DDE3 /* UserPreferences.swift in Sources */ = {isa = PBXBuildFile; fileRef = D8FE0DFE214CC6A300C4DDE3 /* UserPreferences.swift */; };
		D8FE0E01214CC8B800C4DDE3 /* BrowseDocumentsViewController.swift in Sources */ = {isa = PBXBuildFile; fileRef = D8FE0E00214CC8B800C4DDE3 /* BrowseDocumentsViewController.swift */; };
		D8FE0E03214CC8C600C4DDE3 /* BrowseDocumentsViewController.xib in Resources */ = {isa = PBXBuildFile; fileRef = D8FE0E02214CC8C600C4DDE3 /* BrowseDocumentsViewController.xib */; };
		D8FE0E08214CC9AE00C4DDE3 /* EditDocumentViewController.swift in Sources */ = {isa = PBXBuildFile; fileRef = D8FE0E07214CC9AE00C4DDE3 /* EditDocumentViewController.swift */; };
		D8FE0E0A214CC9BD00C4DDE3 /* EditDocumentViewController.xib in Resources */ = {isa = PBXBuildFile; fileRef = D8FE0E09214CC9BD00C4DDE3 /* EditDocumentViewController.xib */; };
/* End PBXBuildFile section */

/* Begin PBXFileReference section */
		4F0DD0C874F9F0E66F09E247 /* Pods_htn_2018.framework */ = {isa = PBXFileReference; explicitFileType = wrapper.framework; includeInIndex = 0; path = Pods_htn_2018.framework; sourceTree = BUILT_PRODUCTS_DIR; };
		BBCECDF0D4F9094F03D4A8E5 /* Pods-htn-2018.release.xcconfig */ = {isa = PBXFileReference; includeInIndex = 1; lastKnownFileType = text.xcconfig; name = "Pods-htn-2018.release.xcconfig"; path = "Pods/Target Support Files/Pods-htn-2018/Pods-htn-2018.release.xcconfig"; sourceTree = "<group>"; };
		D832718C214D5DF40030E983 /* Colors.swift */ = {isa = PBXFileReference; lastKnownFileType = sourcecode.swift; path = Colors.swift; sourceTree = "<group>"; };
		D832718E214D60440030E983 /* HTNTextField.swift */ = {isa = PBXFileReference; lastKnownFileType = sourcecode.swift; path = HTNTextField.swift; sourceTree = "<group>"; };
		D893003A214CCCAC0070E38D /* BaseApiService.swift */ = {isa = PBXFileReference; lastKnownFileType = sourcecode.swift; path = BaseApiService.swift; sourceTree = "<group>"; };
		D893003C214D50B20070E38D /* LoginFormView.swift */ = {isa = PBXFileReference; lastKnownFileType = sourcecode.swift; path = LoginFormView.swift; sourceTree = "<group>"; };
		D893003F214D519A0070E38D /* Dimens.swift */ = {isa = PBXFileReference; lastKnownFileType = sourcecode.swift; path = Dimens.swift; sourceTree = "<group>"; };
		D8930041214D51E70070E38D /* UIView+Extensions.swift */ = {isa = PBXFileReference; lastKnownFileType = sourcecode.swift; path = "UIView+Extensions.swift"; sourceTree = "<group>"; };
		D8930043214D597D0070E38D /* UserSignupService.swift */ = {isa = PBXFileReference; lastKnownFileType = sourcecode.swift; path = UserSignupService.swift; sourceTree = "<group>"; };
		D8930045214D59870070E38D /* UserSigninService.swift */ = {isa = PBXFileReference; lastKnownFileType = sourcecode.swift; path = UserSigninService.swift; sourceTree = "<group>"; };
		D8FE0DE1214CBDF400C4DDE3 /* htn-2018.app */ = {isa = PBXFileReference; explicitFileType = wrapper.application; includeInIndex = 0; path = "htn-2018.app"; sourceTree = BUILT_PRODUCTS_DIR; };
		D8FE0DE4214CBDF400C4DDE3 /* AppDelegate.swift */ = {isa = PBXFileReference; lastKnownFileType = sourcecode.swift; path = AppDelegate.swift; sourceTree = "<group>"; };
		D8FE0DE6214CBDF400C4DDE3 /* LoginViewController.swift */ = {isa = PBXFileReference; lastKnownFileType = sourcecode.swift; path = LoginViewController.swift; sourceTree = "<group>"; };
		D8FE0DEB214CBDF500C4DDE3 /* Assets.xcassets */ = {isa = PBXFileReference; lastKnownFileType = folder.assetcatalog; path = Assets.xcassets; sourceTree = "<group>"; };
		D8FE0DEE214CBDF500C4DDE3 /* Base */ = {isa = PBXFileReference; lastKnownFileType = file.storyboard; name = Base; path = Base.lproj/LaunchScreen.storyboard; sourceTree = "<group>"; };
		D8FE0DF0214CBDF500C4DDE3 /* Info.plist */ = {isa = PBXFileReference; lastKnownFileType = text.plist.xml; path = Info.plist; sourceTree = "<group>"; };
		D8FE0DFC214CC5CB00C4DDE3 /* LoginViewController.xib */ = {isa = PBXFileReference; lastKnownFileType = file.xib; path = LoginViewController.xib; sourceTree = "<group>"; };
		D8FE0DFE214CC6A300C4DDE3 /* UserPreferences.swift */ = {isa = PBXFileReference; lastKnownFileType = sourcecode.swift; path = UserPreferences.swift; sourceTree = "<group>"; };
		D8FE0E00214CC8B800C4DDE3 /* BrowseDocumentsViewController.swift */ = {isa = PBXFileReference; lastKnownFileType = sourcecode.swift; path = BrowseDocumentsViewController.swift; sourceTree = "<group>"; };
		D8FE0E02214CC8C600C4DDE3 /* BrowseDocumentsViewController.xib */ = {isa = PBXFileReference; lastKnownFileType = file.xib; path = BrowseDocumentsViewController.xib; sourceTree = "<group>"; };
		D8FE0E07214CC9AE00C4DDE3 /* EditDocumentViewController.swift */ = {isa = PBXFileReference; lastKnownFileType = sourcecode.swift; path = EditDocumentViewController.swift; sourceTree = "<group>"; };
		D8FE0E09214CC9BD00C4DDE3 /* EditDocumentViewController.xib */ = {isa = PBXFileReference; lastKnownFileType = file.xib; path = EditDocumentViewController.xib; sourceTree = "<group>"; };
		EA5620DE78B0A7B31AF767AA /* Pods-htn-2018.debug.xcconfig */ = {isa = PBXFileReference; includeInIndex = 1; lastKnownFileType = text.xcconfig; name = "Pods-htn-2018.debug.xcconfig"; path = "Pods/Target Support Files/Pods-htn-2018/Pods-htn-2018.debug.xcconfig"; sourceTree = "<group>"; };
/* End PBXFileReference section */

/* Begin PBXFrameworksBuildPhase section */
		D8FE0DDE214CBDF400C4DDE3 /* Frameworks */ = {
			isa = PBXFrameworksBuildPhase;
			buildActionMask = 2147483647;
			files = (
				6601F3715083948DEA5565CA /* Pods_htn_2018.framework in Frameworks */,
			);
			runOnlyForDeploymentPostprocessing = 0;
		};
/* End PBXFrameworksBuildPhase section */

/* Begin PBXGroup section */
		3AD7AD1DC5319D176F77A2F9 /* Frameworks */ = {
			isa = PBXGroup;
			children = (
				4F0DD0C874F9F0E66F09E247 /* Pods_htn_2018.framework */,
			);
			name = Frameworks;
			sourceTree = "<group>";
		};
		43252F2A3903E00D6ADA5546 /* Pods */ = {
			isa = PBXGroup;
			children = (
				EA5620DE78B0A7B31AF767AA /* Pods-htn-2018.debug.xcconfig */,
				BBCECDF0D4F9094F03D4A8E5 /* Pods-htn-2018.release.xcconfig */,
			);
			name = Pods;
			sourceTree = "<group>";
		};
		D893003E214D518B0070E38D /* Utilities */ = {
			isa = PBXGroup;
			children = (
				D893003F214D519A0070E38D /* Dimens.swift */,
				D8930041214D51E70070E38D /* UIView+Extensions.swift */,
				D832718C214D5DF40030E983 /* Colors.swift */,
			);
			name = Utilities;
			sourceTree = "<group>";
		};
		D8930047214D59AE0070E38D /* Services */ = {
			isa = PBXGroup;
			children = (
				D893003A214CCCAC0070E38D /* BaseApiService.swift */,
				D8930043214D597D0070E38D /* UserSignupService.swift */,
				D8930045214D59870070E38D /* UserSigninService.swift */,
			);
			name = Services;
			sourceTree = "<group>";
		};
		D8930048214D59C30070E38D /* Object Models */ = {
			isa = PBXGroup;
			children = (
			);
			name = "Object Models";
			sourceTree = "<group>";
		};
		D8FE0DD8214CBDF400C4DDE3 = {
			isa = PBXGroup;
			children = (
				D8FE0DE3214CBDF400C4DDE3 /* htn-2018 */,
				D8FE0DE2214CBDF400C4DDE3 /* Products */,
				43252F2A3903E00D6ADA5546 /* Pods */,
				3AD7AD1DC5319D176F77A2F9 /* Frameworks */,
			);
			sourceTree = "<group>";
		};
		D8FE0DE2214CBDF400C4DDE3 /* Products */ = {
			isa = PBXGroup;
			children = (
				D8FE0DE1214CBDF400C4DDE3 /* htn-2018.app */,
			);
			name = Products;
			sourceTree = "<group>";
		};
		D8FE0DE3214CBDF400C4DDE3 /* htn-2018 */ = {
			isa = PBXGroup;
			children = (
				D893003E214D518B0070E38D /* Utilities */,
				D8FE0E0B214CCAE400C4DDE3 /* Reusable Views */,
				D8FE0DFB214CC59600C4DDE3 /* Model */,
				D8FE0DF7214CC55800C4DDE3 /* View Controllers */,
				D8FE0DF6214CC53D00C4DDE3 /* Application */,
				D8FE0DEB214CBDF500C4DDE3 /* Assets.xcassets */,
			);
			path = "htn-2018";
			sourceTree = "<group>";
		};
		D8FE0DF6214CC53D00C4DDE3 /* Application */ = {
			isa = PBXGroup;
			children = (
				D8FE0DF0214CBDF500C4DDE3 /* Info.plist */,
				D8FE0DED214CBDF500C4DDE3 /* LaunchScreen.storyboard */,
				D8FE0DE4214CBDF400C4DDE3 /* AppDelegate.swift */,
			);
			name = Application;
			sourceTree = "<group>";
		};
		D8FE0DF7214CC55800C4DDE3 /* View Controllers */ = {
			isa = PBXGroup;
			children = (
				D8FE0DFA214CC57E00C4DDE3 /* Edit Document */,
				D8FE0DF9214CC57400C4DDE3 /* Browse Documents */,
				D8FE0DF8214CC56800C4DDE3 /* Login */,
			);
			name = "View Controllers";
			sourceTree = "<group>";
		};
		D8FE0DF8214CC56800C4DDE3 /* Login */ = {
			isa = PBXGroup;
			children = (
				D8FE0DE6214CBDF400C4DDE3 /* LoginViewController.swift */,
				D8FE0DFC214CC5CB00C4DDE3 /* LoginViewController.xib */,
			);
			name = Login;
			sourceTree = "<group>";
		};
		D8FE0DF9214CC57400C4DDE3 /* Browse Documents */ = {
			isa = PBXGroup;
			children = (
				D8FE0E00214CC8B800C4DDE3 /* BrowseDocumentsViewController.swift */,
				D8FE0E02214CC8C600C4DDE3 /* BrowseDocumentsViewController.xib */,
			);
			name = "Browse Documents";
			sourceTree = "<group>";
		};
		D8FE0DFA214CC57E00C4DDE3 /* Edit Document */ = {
			isa = PBXGroup;
			children = (
				D8FE0E07214CC9AE00C4DDE3 /* EditDocumentViewController.swift */,
				D8FE0E09214CC9BD00C4DDE3 /* EditDocumentViewController.xib */,
			);
			name = "Edit Document";
			sourceTree = "<group>";
		};
		D8FE0DFB214CC59600C4DDE3 /* Model */ = {
			isa = PBXGroup;
			children = (
				D8930048214D59C30070E38D /* Object Models */,
				D8930047214D59AE0070E38D /* Services */,
				D8FE0DFE214CC6A300C4DDE3 /* UserPreferences.swift */,
			);
			name = Model;
			sourceTree = "<group>";
		};
		D8FE0E0B214CCAE400C4DDE3 /* Reusable Views */ = {
			isa = PBXGroup;
			children = (
				D893003C214D50B20070E38D /* LoginFormView.swift */,
				D832718E214D60440030E983 /* HTNTextField.swift */,
			);
			name = "Reusable Views";
			sourceTree = "<group>";
		};
/* End PBXGroup section */

/* Begin PBXNativeTarget section */
		D8FE0DE0214CBDF400C4DDE3 /* htn-2018 */ = {
			isa = PBXNativeTarget;
			buildConfigurationList = D8FE0DF3214CBDF500C4DDE3 /* Build configuration list for PBXNativeTarget "htn-2018" */;
			buildPhases = (
				F98CB298B253B08D408EF539 /* [CP] Check Pods Manifest.lock */,
				D8FE0DDD214CBDF400C4DDE3 /* Sources */,
				D8FE0DDE214CBDF400C4DDE3 /* Frameworks */,
				D8FE0DDF214CBDF400C4DDE3 /* Resources */,
				7B83D84C017020704887BC93 /* [CP] Embed Pods Frameworks */,
			);
			buildRules = (
			);
			dependencies = (
			);
			name = "htn-2018";
			productName = "htn-2018";
			productReference = D8FE0DE1214CBDF400C4DDE3 /* htn-2018.app */;
			productType = "com.apple.product-type.application";
		};
/* End PBXNativeTarget section */

/* Begin PBXProject section */
		D8FE0DD9214CBDF400C4DDE3 /* Project object */ = {
			isa = PBXProject;
			attributes = {
				LastSwiftUpdateCheck = 0940;
				LastUpgradeCheck = 0940;
				ORGANIZATIONNAME = "Jashan Shewakramani";
				TargetAttributes = {
					D8FE0DE0214CBDF400C4DDE3 = {
						CreatedOnToolsVersion = 9.4.1;
					};
				};
			};
			buildConfigurationList = D8FE0DDC214CBDF400C4DDE3 /* Build configuration list for PBXProject "htn-2018" */;
			compatibilityVersion = "Xcode 9.3";
			developmentRegion = en;
			hasScannedForEncodings = 0;
			knownRegions = (
				en,
				Base,
			);
			mainGroup = D8FE0DD8214CBDF400C4DDE3;
			productRefGroup = D8FE0DE2214CBDF400C4DDE3 /* Products */;
			projectDirPath = "";
			projectRoot = "";
			targets = (
				D8FE0DE0214CBDF400C4DDE3 /* htn-2018 */,
			);
		};
/* End PBXProject section */

/* Begin PBXResourcesBuildPhase section */
		D8FE0DDF214CBDF400C4DDE3 /* Resources */ = {
			isa = PBXResourcesBuildPhase;
			buildActionMask = 2147483647;
			files = (
				D8FE0DEF214CBDF500C4DDE3 /* LaunchScreen.storyboard in Resources */,
				D8FE0DEC214CBDF500C4DDE3 /* Assets.xcassets in Resources */,
				D8FE0DFD214CC5CB00C4DDE3 /* LoginViewController.xib in Resources */,
				D8FE0E0A214CC9BD00C4DDE3 /* EditDocumentViewController.xib in Resources */,
				D8FE0E03214CC8C600C4DDE3 /* BrowseDocumentsViewController.xib in Resources */,
			);
			runOnlyForDeploymentPostprocessing = 0;
		};
/* End PBXResourcesBuildPhase section */

/* Begin PBXShellScriptBuildPhase section */
		7B83D84C017020704887BC93 /* [CP] Embed Pods Frameworks */ = {
			isa = PBXShellScriptBuildPhase;
			buildActionMask = 2147483647;
			files = (
			);
			inputPaths = (
				"${SRCROOT}/Pods/Target Support Files/Pods-htn-2018/Pods-htn-2018-frameworks.sh",
				"${BUILT_PRODUCTS_DIR}/Alamofire/Alamofire.framework",
				"${BUILT_PRODUCTS_DIR}/SnapKit/SnapKit.framework",
			);
			name = "[CP] Embed Pods Frameworks";
			outputPaths = (
				"${TARGET_BUILD_DIR}/${FRAMEWORKS_FOLDER_PATH}/Alamofire.framework",
				"${TARGET_BUILD_DIR}/${FRAMEWORKS_FOLDER_PATH}/SnapKit.framework",
			);
			runOnlyForDeploymentPostprocessing = 0;
			shellPath = /bin/sh;
			shellScript = "\"${SRCROOT}/Pods/Target Support Files/Pods-htn-2018/Pods-htn-2018-frameworks.sh\"\n";
			showEnvVarsInLog = 0;
		};
		F98CB298B253B08D408EF539 /* [CP] Check Pods Manifest.lock */ = {
			isa = PBXShellScriptBuildPhase;
			buildActionMask = 2147483647;
			files = (
			);
			inputPaths = (
				"${PODS_PODFILE_DIR_PATH}/Podfile.lock",
				"${PODS_ROOT}/Manifest.lock",
			);
			name = "[CP] Check Pods Manifest.lock";
			outputPaths = (
				"$(DERIVED_FILE_DIR)/Pods-htn-2018-checkManifestLockResult.txt",
			);
			runOnlyForDeploymentPostprocessing = 0;
			shellPath = /bin/sh;
			shellScript = "diff \"${PODS_PODFILE_DIR_PATH}/Podfile.lock\" \"${PODS_ROOT}/Manifest.lock\" > /dev/null\nif [ $? != 0 ] ; then\n    # print error to STDERR\n    echo \"error: The sandbox is not in sync with the Podfile.lock. Run 'pod install' or update your CocoaPods installation.\" >&2\n    exit 1\nfi\n# This output is used by Xcode 'outputs' to avoid re-running this script phase.\necho \"SUCCESS\" > \"${SCRIPT_OUTPUT_FILE_0}\"\n";
			showEnvVarsInLog = 0;
		};
/* End PBXShellScriptBuildPhase section */

/* Begin PBXSourcesBuildPhase section */
		D8FE0DDD214CBDF400C4DDE3 /* Sources */ = {
			isa = PBXSourcesBuildPhase;
			buildActionMask = 2147483647;
			files = (
				D8FE0DE7214CBDF400C4DDE3 /* LoginViewController.swift in Sources */,
				D832718D214D5DF40030E983 /* Colors.swift in Sources */,
				D8FE0E08214CC9AE00C4DDE3 /* EditDocumentViewController.swift in Sources */,
				D893003B214CCCAC0070E38D /* BaseApiService.swift in Sources */,
				D8930042214D51E70070E38D /* UIView+Extensions.swift in Sources */,
				D8930044214D597E0070E38D /* UserSignupService.swift in Sources */,
				D893003D214D50B20070E38D /* LoginFormView.swift in Sources */,
				D8FE0E01214CC8B800C4DDE3 /* BrowseDocumentsViewController.swift in Sources */,
				D8FE0DFF214CC6A300C4DDE3 /* UserPreferences.swift in Sources */,
				D8FE0DE5214CBDF400C4DDE3 /* AppDelegate.swift in Sources */,
				D8930040214D519A0070E38D /* Dimens.swift in Sources */,
				D832718F214D60440030E983 /* HTNTextField.swift in Sources */,
				D8930046214D59870070E38D /* UserSigninService.swift in Sources */,
			);
			runOnlyForDeploymentPostprocessing = 0;
		};
/* End PBXSourcesBuildPhase section */

/* Begin PBXVariantGroup section */
		D8FE0DED214CBDF500C4DDE3 /* LaunchScreen.storyboard */ = {
			isa = PBXVariantGroup;
			children = (
				D8FE0DEE214CBDF500C4DDE3 /* Base */,
			);
			name = LaunchScreen.storyboard;
			sourceTree = "<group>";
		};
/* End PBXVariantGroup section */

/* Begin XCBuildConfiguration section */
		D8FE0DF1214CBDF500C4DDE3 /* Debug */ = {
			isa = XCBuildConfiguration;
			buildSettings = {
				ALWAYS_SEARCH_USER_PATHS = NO;
				CLANG_ANALYZER_NONNULL = YES;
				CLANG_ANALYZER_NUMBER_OBJECT_CONVERSION = YES_AGGRESSIVE;
				CLANG_CXX_LANGUAGE_STANDARD = "gnu++14";
				CLANG_CXX_LIBRARY = "libc++";
				CLANG_ENABLE_MODULES = YES;
				CLANG_ENABLE_OBJC_ARC = YES;
				CLANG_ENABLE_OBJC_WEAK = YES;
				CLANG_WARN_BLOCK_CAPTURE_AUTORELEASING = YES;
				CLANG_WARN_BOOL_CONVERSION = YES;
				CLANG_WARN_COMMA = YES;
				CLANG_WARN_CONSTANT_CONVERSION = YES;
				CLANG_WARN_DEPRECATED_OBJC_IMPLEMENTATIONS = YES;
				CLANG_WARN_DIRECT_OBJC_ISA_USAGE = YES_ERROR;
				CLANG_WARN_DOCUMENTATION_COMMENTS = YES;
				CLANG_WARN_EMPTY_BODY = YES;
				CLANG_WARN_ENUM_CONVERSION = YES;
				CLANG_WARN_INFINITE_RECURSION = YES;
				CLANG_WARN_INT_CONVERSION = YES;
				CLANG_WARN_NON_LITERAL_NULL_CONVERSION = YES;
				CLANG_WARN_OBJC_IMPLICIT_RETAIN_SELF = YES;
				CLANG_WARN_OBJC_LITERAL_CONVERSION = YES;
				CLANG_WARN_OBJC_ROOT_CLASS = YES_ERROR;
				CLANG_WARN_RANGE_LOOP_ANALYSIS = YES;
				CLANG_WARN_STRICT_PROTOTYPES = YES;
				CLANG_WARN_SUSPICIOUS_MOVE = YES;
				CLANG_WARN_UNGUARDED_AVAILABILITY = YES_AGGRESSIVE;
				CLANG_WARN_UNREACHABLE_CODE = YES;
				CLANG_WARN__DUPLICATE_METHOD_MATCH = YES;
				CODE_SIGN_IDENTITY = "iPhone Developer";
				COPY_PHASE_STRIP = NO;
				DEBUG_INFORMATION_FORMAT = dwarf;
				ENABLE_STRICT_OBJC_MSGSEND = YES;
				ENABLE_TESTABILITY = YES;
				GCC_C_LANGUAGE_STANDARD = gnu11;
				GCC_DYNAMIC_NO_PIC = NO;
				GCC_NO_COMMON_BLOCKS = YES;
				GCC_OPTIMIZATION_LEVEL = 0;
				GCC_PREPROCESSOR_DEFINITIONS = (
					"DEBUG=1",
					"$(inherited)",
				);
				GCC_WARN_64_TO_32_BIT_CONVERSION = YES;
				GCC_WARN_ABOUT_RETURN_TYPE = YES_ERROR;
				GCC_WARN_UNDECLARED_SELECTOR = YES;
				GCC_WARN_UNINITIALIZED_AUTOS = YES_AGGRESSIVE;
				GCC_WARN_UNUSED_FUNCTION = YES;
				GCC_WARN_UNUSED_VARIABLE = YES;
				IPHONEOS_DEPLOYMENT_TARGET = 11.4;
				MTL_ENABLE_DEBUG_INFO = YES;
				ONLY_ACTIVE_ARCH = YES;
				SDKROOT = iphoneos;
				SWIFT_ACTIVE_COMPILATION_CONDITIONS = DEBUG;
				SWIFT_OPTIMIZATION_LEVEL = "-Onone";
			};
			name = Debug;
		};
		D8FE0DF2214CBDF500C4DDE3 /* Release */ = {
			isa = XCBuildConfiguration;
			buildSettings = {
				ALWAYS_SEARCH_USER_PATHS = NO;
				CLANG_ANALYZER_NONNULL = YES;
				CLANG_ANALYZER_NUMBER_OBJECT_CONVERSION = YES_AGGRESSIVE;
				CLANG_CXX_LANGUAGE_STANDARD = "gnu++14";
				CLANG_CXX_LIBRARY = "libc++";
				CLANG_ENABLE_MODULES = YES;
				CLANG_ENABLE_OBJC_ARC = YES;
				CLANG_ENABLE_OBJC_WEAK = YES;
				CLANG_WARN_BLOCK_CAPTURE_AUTORELEASING = YES;
				CLANG_WARN_BOOL_CONVERSION = YES;
				CLANG_WARN_COMMA = YES;
				CLANG_WARN_CONSTANT_CONVERSION = YES;
				CLANG_WARN_DEPRECATED_OBJC_IMPLEMENTATIONS = YES;
				CLANG_WARN_DIRECT_OBJC_ISA_USAGE = YES_ERROR;
				CLANG_WARN_DOCUMENTATION_COMMENTS = YES;
				CLANG_WARN_EMPTY_BODY = YES;
				CLANG_WARN_ENUM_CONVERSION = YES;
				CLANG_WARN_INFINITE_RECURSION = YES;
				CLANG_WARN_INT_CONVERSION = YES;
				CLANG_WARN_NON_LITERAL_NULL_CONVERSION = YES;
				CLANG_WARN_OBJC_IMPLICIT_RETAIN_SELF = YES;
				CLANG_WARN_OBJC_LITERAL_CONVERSION = YES;
				CLANG_WARN_OBJC_ROOT_CLASS = YES_ERROR;
				CLANG_WARN_RANGE_LOOP_ANALYSIS = YES;
				CLANG_WARN_STRICT_PROTOTYPES = YES;
				CLANG_WARN_SUSPICIOUS_MOVE = YES;
				CLANG_WARN_UNGUARDED_AVAILABILITY = YES_AGGRESSIVE;
				CLANG_WARN_UNREACHABLE_CODE = YES;
				CLANG_WARN__DUPLICATE_METHOD_MATCH = YES;
				CODE_SIGN_IDENTITY = "iPhone Developer";
				COPY_PHASE_STRIP = NO;
				DEBUG_INFORMATION_FORMAT = "dwarf-with-dsym";
				ENABLE_NS_ASSERTIONS = NO;
				ENABLE_STRICT_OBJC_MSGSEND = YES;
				GCC_C_LANGUAGE_STANDARD = gnu11;
				GCC_NO_COMMON_BLOCKS = YES;
				GCC_WARN_64_TO_32_BIT_CONVERSION = YES;
				GCC_WARN_ABOUT_RETURN_TYPE = YES_ERROR;
				GCC_WARN_UNDECLARED_SELECTOR = YES;
				GCC_WARN_UNINITIALIZED_AUTOS = YES_AGGRESSIVE;
				GCC_WARN_UNUSED_FUNCTION = YES;
				GCC_WARN_UNUSED_VARIABLE = YES;
				IPHONEOS_DEPLOYMENT_TARGET = 11.4;
				MTL_ENABLE_DEBUG_INFO = NO;
				SDKROOT = iphoneos;
				SWIFT_COMPILATION_MODE = wholemodule;
				SWIFT_OPTIMIZATION_LEVEL = "-O";
				VALIDATE_PRODUCT = YES;
			};
			name = Release;
		};
		D8FE0DF4214CBDF500C4DDE3 /* Debug */ = {
			isa = XCBuildConfiguration;
			baseConfigurationReference = EA5620DE78B0A7B31AF767AA /* Pods-htn-2018.debug.xcconfig */;
			buildSettings = {
				ASSETCATALOG_COMPILER_APPICON_NAME = AppIcon;
				CODE_SIGN_STYLE = Automatic;
				DEVELOPMENT_TEAM = H3CUTL4S68;
				INFOPLIST_FILE = "htn-2018/Info.plist";
				LD_RUNPATH_SEARCH_PATHS = (
					"$(inherited)",
					"@executable_path/Frameworks",
				);
				PRODUCT_BUNDLE_IDENTIFIER = "jashan.com.htn-2018";
				PRODUCT_NAME = "$(TARGET_NAME)";
				SWIFT_VERSION = 4.0;
				TARGETED_DEVICE_FAMILY = "1,2";
			};
			name = Debug;
		};
		D8FE0DF5214CBDF500C4DDE3 /* Release */ = {
			isa = XCBuildConfiguration;
			baseConfigurationReference = BBCECDF0D4F9094F03D4A8E5 /* Pods-htn-2018.release.xcconfig */;
			buildSettings = {
				ASSETCATALOG_COMPILER_APPICON_NAME = AppIcon;
				CODE_SIGN_STYLE = Automatic;
				DEVELOPMENT_TEAM = H3CUTL4S68;
				INFOPLIST_FILE = "htn-2018/Info.plist";
				LD_RUNPATH_SEARCH_PATHS = (
					"$(inherited)",
					"@executable_path/Frameworks",
				);
				PRODUCT_BUNDLE_IDENTIFIER = "jashan.com.htn-2018";
				PRODUCT_NAME = "$(TARGET_NAME)";
				SWIFT_VERSION = 4.0;
				TARGETED_DEVICE_FAMILY = "1,2";
			};
			name = Release;
		};
/* End XCBuildConfiguration section */

/* Begin XCConfigurationList section */
		D8FE0DDC214CBDF400C4DDE3 /* Build configuration list for PBXProject "htn-2018" */ = {
			isa = XCConfigurationList;
			buildConfigurations = (
				D8FE0DF1214CBDF500C4DDE3 /* Debug */,
				D8FE0DF2214CBDF500C4DDE3 /* Release */,
			);
			defaultConfigurationIsVisible = 0;
			defaultConfigurationName = Release;
		};
		D8FE0DF3214CBDF500C4DDE3 /* Build configuration list for PBXNativeTarget "htn-2018" */ = {
			isa = XCConfigurationList;
			buildConfigurations = (
				D8FE0DF4214CBDF500C4DDE3 /* Debug */,
				D8FE0DF5214CBDF500C4DDE3 /* Release */,
			);
			defaultConfigurationIsVisible = 0;
			defaultConfigurationName = Release;
		};
/* End XCConfigurationList section */
	};
	rootObject = D8FE0DD9214CBDF400C4DDE3 /* Project object */;
}
